
Microsoft Visual Studio Solution File, Format Version 12.00
# Visual Studio Version 17
VisualStudioVersion = 17.6.33723.286
MinimumVisualStudioVersion = 10.0.40219.1
Project("{FAE04EC0-301F-11D3-BF4B-00C04F79EFBC}") = "LearnEnumerable", "LearnEnumerable.csproj", "{665B7C1E-555B-4BF4-B532-3E4D07C569B2}"
EndProject
Global
	GlobalSection(SolutionConfigurationPlatforms) = preSolution
		Debug|Any CPU = Debug|Any CPU
		Release|Any CPU = Release|Any CPU
	EndGlobalSection
	GlobalSection(ProjectConfigurationPlatforms) = postSolution
		{665B7C1E-555B-4BF4-B532-3E4D07C569B2}.Debug|Any CPU.ActiveCfg = Debug|Any CPU
		{665B7C1E-555B-4BF4-B532-3E4D07C569B2}.Debug|Any CPU.Build.0 = Debug|Any CPU
		{665B7C1E-555B-4BF4-B532-3E4D07C569B2}.Release|Any CPU.ActiveCfg = Release|Any CPU
		{665B7C1E-555B-4BF4-B532-3E4D07C569B2}.Release|Any CPU.Build.0 = Release|Any CPU
	EndGlobalSection
	GlobalSection(SolutionProperties) = preSolution
		HideSolutionNode = FALSE
	EndGlobalSection
	GlobalSection(ExtensibilityGlobals) = postSolution
		SolutionGuid = {B0AC8B12-A333-49AC-BBB4-000724C9C3FA}
	EndGlobalSection
EndGlobal
